
Microsoft Visual Studio Solution File, Format Version 12.00
# Visual Studio Version 16
Project("{2150E333-8FDC-42A3-9474-1A3956D46DE8}") = "CMakePredefinedTargets", "CMakePredefinedTargets", "{D618E67D-977A-3B12-84E6-DF8EAA22DD04}"
EndProject
Project("{2150E333-8FDC-42A3-9474-1A3956D46DE8}") = "SpooderLib", "SpooderLib", "{D1240B83-FCF8-3055-8D88-DC84FF31F92F}"
EndProject
Project("{8BC9CEB8-8B4A-11D0-8D11-00A0C91BC942}") = "ALL_BUILD", "ALL_BUILD.vcxproj", "{C6589BEE-79B0-3A4D-9DF6-09A977948FAB}"
	ProjectSection(ProjectDependencies) = postProject
		{E9574618-EE6C-34DA-A5E0-26791C4E4416} = {E9574618-EE6C-34DA-A5E0-26791C4E4416}
		{04F1F9A9-D422-3065-9D90-96BAC7BCC16C} = {04F1F9A9-D422-3065-9D90-96BAC7BCC16C}
		{5588BEA6-94CA-3871-9212-7802AC0520D8} = {5588BEA6-94CA-3871-9212-7802AC0520D8}
		{EF648331-7F79-31AF-8B6C-6057D83D61D0} = {EF648331-7F79-31AF-8B6C-6057D83D61D0}
	EndProjectSection
EndProject
Project("{8BC9CEB8-8B4A-11D0-8D11-00A0C91BC942}") = "Client", "src\Client\Client.vcxproj", "{E9574618-EE6C-34DA-A5E0-26791C4E4416}"
	ProjectSection(ProjectDependencies) = postProject
		{5588BEA6-94CA-3871-9212-7802AC0520D8} = {5588BEA6-94CA-3871-9212-7802AC0520D8}
		{EF648331-7F79-31AF-8B6C-6057D83D61D0} = {EF648331-7F79-31AF-8B6C-6057D83D61D0}
	EndProjectSection
EndProject
Project("{8BC9CEB8-8B4A-11D0-8D11-00A0C91BC942}") = "Server", "src\Server\Server.vcxproj", "{04F1F9A9-D422-3065-9D90-96BAC7BCC16C}"
	ProjectSection(ProjectDependencies) = postProject
		{5588BEA6-94CA-3871-9212-7802AC0520D8} = {5588BEA6-94CA-3871-9212-7802AC0520D8}
		{EF648331-7F79-31AF-8B6C-6057D83D61D0} = {EF648331-7F79-31AF-8B6C-6057D83D61D0}
	EndProjectSection
EndProject
Project("{8BC9CEB8-8B4A-11D0-8D11-00A0C91BC942}") = "Spooder", "src\Spooder\Spooder.vcxproj", "{5588BEA6-94CA-3871-9212-7802AC0520D8}"
	ProjectSection(ProjectDependencies) = postProject
		{EF648331-7F79-31AF-8B6C-6057D83D61D0} = {EF648331-7F79-31AF-8B6C-6057D83D61D0}
	EndProjectSection
EndProject
Project("{8BC9CEB8-8B4A-11D0-8D11-00A0C91BC942}") = "ZERO_CHECK", "ZERO_CHECK.vcxproj", "{EF648331-7F79-31AF-8B6C-6057D83D61D0}"
	ProjectSection(ProjectDependencies) = postProject
	EndProjectSection
EndProject
Global
	GlobalSection(SolutionConfigurationPlatforms) = preSolution
		Debug|x64 = Debug|x64
		Release|x64 = Release|x64
		MinSizeRel|x64 = MinSizeRel|x64
		RelWithDebInfo|x64 = RelWithDebInfo|x64
	EndGlobalSection
	GlobalSection(ProjectConfigurationPlatforms) = postSolution
		{C6589BEE-79B0-3A4D-9DF6-09A977948FAB}.Debug|x64.ActiveCfg = Debug|x64
		{C6589BEE-79B0-3A4D-9DF6-09A977948FAB}.Release|x64.ActiveCfg = Release|x64
		{C6589BEE-79B0-3A4D-9DF6-09A977948FAB}.MinSizeRel|x64.ActiveCfg = MinSizeRel|x64
		{C6589BEE-79B0-3A4D-9DF6-09A977948FAB}.RelWithDebInfo|x64.ActiveCfg = RelWithDebInfo|x64
		{E9574618-EE6C-34DA-A5E0-26791C4E4416}.Debug|x64.ActiveCfg = Debug|x64
		{E9574618-EE6C-34DA-A5E0-26791C4E4416}.Debug|x64.Build.0 = Debug|x64
		{E9574618-EE6C-34DA-A5E0-26791C4E4416}.Release|x64.ActiveCfg = Release|x64
		{E9574618-EE6C-34DA-A5E0-26791C4E4416}.Release|x64.Build.0 = Release|x64
		{E9574618-EE6C-34DA-A5E0-26791C4E4416}.MinSizeRel|x64.ActiveCfg = MinSizeRel|x64
		{E9574618-EE6C-34DA-A5E0-26791C4E4416}.MinSizeRel|x64.Build.0 = MinSizeRel|x64
		{E9574618-EE6C-34DA-A5E0-26791C4E4416}.RelWithDebInfo|x64.ActiveCfg = RelWithDebInfo|x64
		{E9574618-EE6C-34DA-A5E0-26791C4E4416}.RelWithDebInfo|x64.Build.0 = RelWithDebInfo|x64
		{04F1F9A9-D422-3065-9D90-96BAC7BCC16C}.Debug|x64.ActiveCfg = Debug|x64
		{04F1F9A9-D422-3065-9D90-96BAC7BCC16C}.Debug|x64.Build.0 = Debug|x64
		{04F1F9A9-D422-3065-9D90-96BAC7BCC16C}.Release|x64.ActiveCfg = Release|x64
		{04F1F9A9-D422-3065-9D90-96BAC7BCC16C}.Release|x64.Build.0 = Release|x64
		{04F1F9A9-D422-3065-9D90-96BAC7BCC16C}.MinSizeRel|x64.ActiveCfg = MinSizeRel|x64
		{04F1F9A9-D422-3065-9D90-96BAC7BCC16C}.MinSizeRel|x64.Build.0 = MinSizeRel|x64
		{04F1F9A9-D422-3065-9D90-96BAC7BCC16C}.RelWithDebInfo|x64.ActiveCfg = RelWithDebInfo|x64
		{04F1F9A9-D422-3065-9D90-96BAC7BCC16C}.RelWithDebInfo|x64.Build.0 = RelWithDebInfo|x64
		{5588BEA6-94CA-3871-9212-7802AC0520D8}.Debug|x64.ActiveCfg = Debug|x64
		{5588BEA6-94CA-3871-9212-7802AC0520D8}.Debug|x64.Build.0 = Debug|x64
		{5588BEA6-94CA-3871-9212-7802AC0520D8}.Release|x64.ActiveCfg = Release|x64
		{5588BEA6-94CA-3871-9212-7802AC0520D8}.Release|x64.Build.0 = Release|x64
		{5588BEA6-94CA-3871-9212-7802AC0520D8}.MinSizeRel|x64.ActiveCfg = MinSizeRel|x64
		{5588BEA6-94CA-3871-9212-7802AC0520D8}.MinSizeRel|x64.Build.0 = MinSizeRel|x64
		{5588BEA6-94CA-3871-9212-7802AC0520D8}.RelWithDebInfo|x64.ActiveCfg = RelWithDebInfo|x64
		{5588BEA6-94CA-3871-9212-7802AC0520D8}.RelWithDebInfo|x64.Build.0 = RelWithDebInfo|x64
		{EF648331-7F79-31AF-8B6C-6057D83D61D0}.Debug|x64.ActiveCfg = Debug|x64
		{EF648331-7F79-31AF-8B6C-6057D83D61D0}.Debug|x64.Build.0 = Debug|x64
		{EF648331-7F79-31AF-8B6C-6057D83D61D0}.Release|x64.ActiveCfg = Release|x64
		{EF648331-7F79-31AF-8B6C-6057D83D61D0}.Release|x64.Build.0 = Release|x64
		{EF648331-7F79-31AF-8B6C-6057D83D61D0}.MinSizeRel|x64.ActiveCfg = MinSizeRel|x64
		{EF648331-7F79-31AF-8B6C-6057D83D61D0}.MinSizeRel|x64.Build.0 = MinSizeRel|x64
		{EF648331-7F79-31AF-8B6C-6057D83D61D0}.RelWithDebInfo|x64.ActiveCfg = RelWithDebInfo|x64
		{EF648331-7F79-31AF-8B6C-6057D83D61D0}.RelWithDebInfo|x64.Build.0 = RelWithDebInfo|x64
	EndGlobalSection
	GlobalSection(NestedProjects) = preSolution
		{C6589BEE-79B0-3A4D-9DF6-09A977948FAB} = {D618E67D-977A-3B12-84E6-DF8EAA22DD04}
		{EF648331-7F79-31AF-8B6C-6057D83D61D0} = {D618E67D-977A-3B12-84E6-DF8EAA22DD04}
		{E9574618-EE6C-34DA-A5E0-26791C4E4416} = {D1240B83-FCF8-3055-8D88-DC84FF31F92F}
		{04F1F9A9-D422-3065-9D90-96BAC7BCC16C} = {D1240B83-FCF8-3055-8D88-DC84FF31F92F}
		{5588BEA6-94CA-3871-9212-7802AC0520D8} = {D1240B83-FCF8-3055-8D88-DC84FF31F92F}
	EndGlobalSection
	GlobalSection(ExtensibilityGlobals) = postSolution
		SolutionGuid = {05F300DE-06E4-3B67-941F-65FF69A0D5C7}
	EndGlobalSection
	GlobalSection(ExtensibilityAddIns) = postSolution
	EndGlobalSection
EndGlobal
