<?xml version="1.0" encoding="utf-8"?>
<Project ToolsVersion="16.0" xmlns="http://schemas.microsoft.com/developer/msbuild/2003">
  <ItemGroup>
    <ClCompile Include="E:\C++Projects\NetworkLib\src\Spooder\spooder.cpp">
      <Filter>Source Files</Filter>
    </ClCompile>
    <ClCompile Include="E:\C++Projects\NetworkLib\src\Spooder\Packet.cpp">
      <Filter>Source Files</Filter>
    </ClCompile>
    <ClCompile Include="E:\C++Projects\NetworkLib\src\Spooder\Serializer.cpp">
      <Filter>Source Files</Filter>
    </ClCompile>
  </ItemGroup>
  <ItemGroup>
    <ClInclude Include="E:\C++Projects\NetworkLib\src\Spooder\CommonNetworkIncludes.h">
      <Filter>Header Files</Filter>
    </ClInclude>
    <ClInclude Include="E:\C++Projects\NetworkLib\src\Spooder\Packet.h">
      <Filter>Header Files</Filter>
    </ClInclude>
    <ClInclude Include="E:\C++Projects\NetworkLib\src\Spooder\Serializer.h">
      <Filter>Header Files</Filter>
    </ClInclude>
    <ClInclude Include="E:\C++Projects\NetworkLib\src\Spooder\PacketTypes.h">
      <Filter>Header Files</Filter>
    </ClInclude>
    <ClInclude Include="E:\C++Projects\NetworkLib\src\Spooder\MathFunctions.h">
      <Filter>Header Files</Filter>
    </ClInclude>
  </ItemGroup>
  <ItemGroup>
    <CustomBuild Include="E:\C++Projects\NetworkLib\src\Spooder\CMakeLists.txt" />
  </ItemGroup>
  <ItemGroup>
    <Filter Include="Header Files">
      <UniqueIdentifier>{5A886831-F3D2-3833-B6DE-429E765F7C1C}</UniqueIdentifier>
    </Filter>
    <Filter Include="Source Files">
      <UniqueIdentifier>{7045CB00-DD5C-3451-A058-C712F8FA453D}</UniqueIdentifier>
    </Filter>
  </ItemGroup>
</Project>
